
Microsoft Visual Studio Solution File, Format Version 12.00
# Visual Studio Version 16
VisualStudioVersion = 16.0.30523.141
MinimumVisualStudioVersion = 10.0.40219.1
Project("{FAE04EC0-301F-11D3-BF4B-00C04F79EFBC}") = "EStateDevelopment", "EStateDevelopment\EStateDevelopment.csproj", "{C8CBEEE5-9D0A-46E6-ABE8-C48342DFB72D}"
EndProject
Global
	GlobalSection(SolutionConfigurationPlatforms) = preSolution
		Debug|Any CPU = Debug|Any CPU
		Release|Any CPU = Release|Any CPU
	EndGlobalSection
	GlobalSection(ProjectConfigurationPlatforms) = postSolution
		{C8CBEEE5-9D0A-46E6-ABE8-C48342DFB72D}.Debug|Any CPU.ActiveCfg = Debug|Any CPU
		{C8CBEEE5-9D0A-46E6-ABE8-C48342DFB72D}.Debug|Any CPU.Build.0 = Debug|Any CPU
		{C8CBEEE5-9D0A-46E6-ABE8-C48342DFB72D}.Release|Any CPU.ActiveCfg = Release|Any CPU
		{C8CBEEE5-9D0A-46E6-ABE8-C48342DFB72D}.Release|Any CPU.Build.0 = Release|Any CPU
	EndGlobalSection
	GlobalSection(SolutionProperties) = preSolution
		HideSolutionNode = FALSE
	EndGlobalSection
	GlobalSection(ExtensibilityGlobals) = postSolution
		SolutionGuid = {F8E21505-7555-415C-A6BC-1603504DC767}
	EndGlobalSection
	GlobalSection(TeamFoundationVersionControl) = preSolution
		SccNumberOfProjects = 2
		SccEnterpriseProvider = {4CA58AB2-18FA-4F8D-95D4-32DDF27D184C}
		SccTeamFoundationServer = https://usmanamjad5529.visualstudio.com/
		SccLocalPath0 = .
		SccProjectUniqueName1 = EStateDevelopment\\EStateDevelopment.csproj
		SccProjectName1 = EStateDevelopment
		SccLocalPath1 = EStateDevelopment
	EndGlobalSection
EndGlobal
